// !$*UTF8*$!
{
	archiveVersion = 1;
	classes = {
	};
	objectVersion = 77;
	objects = {

/* Begin PBXContainerItemProxy section */
		84D8BEA62CEA7382004A160B /* PBXContainerItemProxy */ = {
			isa = PBXContainerItemProxy;
			containerPortal = 84D8BE872CEA7380004A160B /* Project object */;
			proxyType = 1;
			remoteGlobalIDString = 84D8BE8E2CEA7380004A160B;
			remoteInfo = NikeProgram;
		};
		84D8BEB02CEA7382004A160B /* PBXContainerItemProxy */ = {
			isa = PBXContainerItemProxy;
			containerPortal = 84D8BE872CEA7380004A160B /* Project object */;
			proxyType = 1;
			remoteGlobalIDString = 84D8BE8E2CEA7380004A160B;
			remoteInfo = NikeProgram;
		};
/* End PBXContainerItemProxy section */

/* Begin PBXFileReference section */
		84D8BE8F2CEA7380004A160B /* NikeProgram.app */ = {isa = PBXFileReference; explicitFileType = wrapper.application; includeInIndex = 0; path = NikeProgram.app; sourceTree = BUILT_PRODUCTS_DIR; };
		84D8BEA52CEA7382004A160B /* NikeProgramTests.xctest */ = {isa = PBXFileReference; explicitFileType = wrapper.cfbundle; includeInIndex = 0; path = NikeProgramTests.xctest; sourceTree = BUILT_PRODUCTS_DIR; };
		84D8BEAF2CEA7382004A160B /* NikeProgramUITests.xctest */ = {isa = PBXFileReference; explicitFileType = wrapper.cfbundle; includeInIndex = 0; path = NikeProgramUITests.xctest; sourceTree = BUILT_PRODUCTS_DIR; };
/* End PBXFileReference section */

/* Begin PBXFileSystemSynchronizedBuildFileExceptionSet section */
		84D8BEB72CEA7382004A160B /* Exceptions for "NikeProgram" folder in "NikeProgram" target */ = {
			isa = PBXFileSystemSynchronizedBuildFileExceptionSet;
			membershipExceptions = (
				Info.plist,
			);
			target = 84D8BE8E2CEA7380004A160B /* NikeProgram */;
		};
/* End PBXFileSystemSynchronizedBuildFileExceptionSet section */

/* Begin PBXFileSystemSynchronizedRootGroup section */
		84D8BE912CEA7380004A160B /* NikeProgram */ = {
			isa = PBXFileSystemSynchronizedRootGroup;
			exceptions = (
				84D8BEB72CEA7382004A160B /* Exceptions for "NikeProgram" folder in "NikeProgram" target */,
			);
			path = NikeProgram;
			sourceTree = "<group>";
		};
		84D8BEA82CEA7382004A160B /* NikeProgramTests */ = {
			isa = PBXFileSystemSynchronizedRootGroup;
			path = NikeProgramTests;
			sourceTree = "<group>";
		};
		84D8BEB22CEA7382004A160B /* NikeProgramUITests */ = {
			isa = PBXFileSystemSynchronizedRootGroup;
			path = NikeProgramUITests;
			sourceTree = "<group>";
		};
/* End PBXFileSystemSynchronizedRootGroup section */

/* Begin PBXFrameworksBuildPhase section */
		84D8BE8C2CEA7380004A160B /* Frameworks */ = {
			isa = PBXFrameworksBuildPhase;
			buildActionMask = 2147483647;
			files = (
			);
			runOnlyForDeploymentPostprocessing = 0;
		};
		84D8BEA22CEA7382004A160B /* Frameworks */ = {
			isa = PBXFrameworksBuildPhase;
			buildActionMask = 2147483647;
			files = (
			);
			runOnlyForDeploymentPostprocessing = 0;
		};
		84D8BEAC2CEA7382004A160B /* Frameworks */ = {
			isa = PBXFrameworksBuildPhase;
			buildActionMask = 2147483647;
			files = (
			);
			runOnlyForDeploymentPostprocessing = 0;
		};
/* End PBXFrameworksBuildPhase section */

/* Begin PBXGroup section */
		84D8BE862CEA7380004A160B = {
			isa = PBXGroup;
			children = (
				84D8BE912CEA7380004A160B /* NikeProgram */,
				84D8BEA82CEA7382004A160B /* NikeProgramTests */,
				84D8BEB22CEA7382004A160B /* NikeProgramUITests */,
				84D8BE902CEA7380004A160B /* Products */,
			);
			sourceTree = "<group>";
		};
		84D8BE902CEA7380004A160B /* Products */ = {
			isa = PBXGroup;
			children = (
				84D8BE8F2CEA7380004A160B /* NikeProgram.app */,
				84D8BEA52CEA7382004A160B /* NikeProgramTests.xctest */,
				84D8BEAF2CEA7382004A160B /* NikeProgramUITests.xctest */,
			);
			name = Products;
			sourceTree = "<group>";
		};
/* End PBXGroup section */

/* Begin PBXNativeTarget section */
		84D8BE8E2CEA7380004A160B /* NikeProgram */ = {
			isa = PBXNativeTarget;
			buildConfigurationList = 84D8BEB82CEA7382004A160B /* Build configuration list for PBXNativeTarget "NikeProgram" */;
			buildPhases = (
				84D8BE8B2CEA7380004A160B /* Sources */,
				84D8BE8C2CEA7380004A160B /* Frameworks */,
				84D8BE8D2CEA7380004A160B /* Resources */,
			);
			buildRules = (
			);
			dependencies = (
			);
			fileSystemSynchronizedGroups = (
				84D8BE912CEA7380004A160B /* NikeProgram */,
			);
			name = NikeProgram;
			packageProductDependencies = (
			);
			productName = NikeProgram;
			productReference = 84D8BE8F2CEA7380004A160B /* NikeProgram.app */;
			productType = "com.apple.product-type.application";
		};
		84D8BEA42CEA7382004A160B /* NikeProgramTests */ = {
			isa = PBXNativeTarget;
			buildConfigurationList = 84D8BEBD2CEA7382004A160B /* Build configuration list for PBXNativeTarget "NikeProgramTests" */;
			buildPhases = (
				84D8BEA12CEA7382004A160B /* Sources */,
				84D8BEA22CEA7382004A160B /* Frameworks */,
				84D8BEA32CEA7382004A160B /* Resources */,
			);
			buildRules = (
			);
			dependencies = (
				84D8BEA72CEA7382004A160B /* PBXTargetDependency */,
			);
			fileSystemSynchronizedGroups = (
				84D8BEA82CEA7382004A160B /* NikeProgramTests */,
			);
			name = NikeProgramTests;
			packageProductDependencies = (
			);
			productName = NikeProgramTests;
			productReference = 84D8BEA52CEA7382004A160B /* NikeProgramTests.xctest */;
			productType = "com.apple.product-type.bundle.unit-test";
		};
		84D8BEAE2CEA7382004A160B /* NikeProgramUITests */ = {
			isa = PBXNativeTarget;
			buildConfigurationList = 84D8BEC02CEA7382004A160B /* Build configuration list for PBXNativeTarget "NikeProgramUITests" */;
			buildPhases = (
				84D8BEAB2CEA7382004A160B /* Sources */,
				84D8BEAC2CEA7382004A160B /* Frameworks */,
				84D8BEAD2CEA7382004A160B /* Resources */,
			);
			buildRules = (
			);
			dependencies = (
				84D8BEB12CEA7382004A160B /* PBXTargetDependency */,
			);
			fileSystemSynchronizedGroups = (
				84D8BEB22CEA7382004A160B /* NikeProgramUITests */,
			);
			name = NikeProgramUITests;
			packageProductDependencies = (
			);
			productName = NikeProgramUITests;
			productReference = 84D8BEAF2CEA7382004A160B /* NikeProgramUITests.xctest */;
			productType = "com.apple.product-type.bundle.ui-testing";
		};
/* End PBXNativeTarget section */

/* Begin PBXProject section */
		84D8BE872CEA7380004A160B /* Project object */ = {
			isa = PBXProject;
			attributes = {
				BuildIndependentTargetsInParallel = 1;
				LastSwiftUpdateCheck = 1610;
				LastUpgradeCheck = 1610;
				TargetAttributes = {
					84D8BE8E2CEA7380004A160B = {
						CreatedOnToolsVersion = 16.1;
					};
					84D8BEA42CEA7382004A160B = {
						CreatedOnToolsVersion = 16.1;
						TestTargetID = 84D8BE8E2CEA7380004A160B;
					};
					84D8BEAE2CEA7382004A160B = {
						CreatedOnToolsVersion = 16.1;
						TestTargetID = 84D8BE8E2CEA7380004A160B;
					};
				};
			};
			buildConfigurationList = 84D8BE8A2CEA7380004A160B /* Build configuration list for PBXProject "NikeProgram" */;
			developmentRegion = en;
			hasScannedForEncodings = 0;
			knownRegions = (
				en,
				Base,
			);
			mainGroup = 84D8BE862CEA7380004A160B;
			minimizedProjectReferenceProxies = 1;
			preferredProjectObjectVersion = 77;
			productRefGroup = 84D8BE902CEA7380004A160B /* Products */;
			projectDirPath = "";
			projectRoot = "";
			targets = (
				84D8BE8E2CEA7380004A160B /* NikeProgram */,
				84D8BEA42CEA7382004A160B /* NikeProgramTests */,
				84D8BEAE2CEA7382004A160B /* NikeProgramUITests */,
			);
		};
/* End PBXProject section */

/* Begin PBXResourcesBuildPhase section */
		84D8BE8D2CEA7380004A160B /* Resources */ = {
			isa = PBXResourcesBuildPhase;
			buildActionMask = 2147483647;
			files = (
			);
			runOnlyForDeploymentPostprocessing = 0;
		};
		84D8BEA32CEA7382004A160B /* Resources */ = {
			isa = PBXResourcesBuildPhase;
			buildActionMask = 2147483647;
			files = (
			);
			runOnlyForDeploymentPostprocessing = 0;
		};
		84D8BEAD2CEA7382004A160B /* Resources */ = {
			isa = PBXResourcesBuildPhase;
			buildActionMask = 2147483647;
			files = (
			);
			runOnlyForDeploymentPostprocessing = 0;
		};
/* End PBXResourcesBuildPhase section */

/* Begin PBXSourcesBuildPhase section */
		84D8BE8B2CEA7380004A160B /* Sources */ = {
			isa = PBXSourcesBuildPhase;
			buildActionMask = 2147483647;
			files = (
			);
			runOnlyForDeploymentPostprocessing = 0;
		};
		84D8BEA12CEA7382004A160B /* Sources */ = {
			isa = PBXSourcesBuildPhase;
			buildActionMask = 2147483647;
			files = (
			);
			runOnlyForDeploymentPostprocessing = 0;
		};
		84D8BEAB2CEA7382004A160B /* Sources */ = {
			isa = PBXSourcesBuildPhase;
			buildActionMask = 2147483647;
			files = (
			);
			runOnlyForDeploymentPostprocessing = 0;
		};
/* End PBXSourcesBuildPhase section */

/* Begin PBXTargetDependency section */
		84D8BEA72CEA7382004A160B /* PBXTargetDependency */ = {
			isa = PBXTargetDependency;
			target = 84D8BE8E2CEA7380004A160B /* NikeProgram */;
			targetProxy = 84D8BEA62CEA7382004A160B /* PBXContainerItemProxy */;
		};
		84D8BEB12CEA7382004A160B /* PBXTargetDependency */ = {
			isa = PBXTargetDependency;
			target = 84D8BE8E2CEA7380004A160B /* NikeProgram */;
			targetProxy = 84D8BEB02CEA7382004A160B /* PBXContainerItemProxy */;
		};
/* End PBXTargetDependency section */

/* Begin XCBuildConfiguration section */
		84D8BEB92CEA7382004A160B /* Debug */ = {
			isa = XCBuildConfiguration;
			buildSettings = {
				ASSETCATALOG_COMPILER_APPICON_NAME = AppIcon;
				ASSETCATALOG_COMPILER_GLOBAL_ACCENT_COLOR_NAME = AccentColor;
				CODE_SIGN_STYLE = Automatic;
				CURRENT_PROJECT_VERSION = 1;
				GENERATE_INFOPLIST_FILE = YES;
				INFOPLIST_FILE = NikeProgram/Info.plist;
				INFOPLIST_KEY_UIApplicationSupportsIndirectInputEvents = YES;
				INFOPLIST_KEY_UILaunchStoryboardName = LaunchScreen;
				INFOPLIST_KEY_UIMainStoryboardFile = Main;
				INFOPLIST_KEY_UIStatusBarStyle = "";
				INFOPLIST_KEY_UISupportedInterfaceOrientations = UIInterfaceOrientationPortrait;
				LD_RUNPATH_SEARCH_PATHS = (
					"$(inherited)",
					"@executable_path/Frameworks",
				);
				MARKETING_VERSION = 1.0;
				PRODUCT_BUNDLE_IDENTIFIER = com.bndrvalesia.NikeProgram;
				PRODUCT_NAME = "$(TARGET_NAME)";
				SWIFT_EMIT_LOC_STRINGS = YES;
				SWIFT_VERSION = 5.0;
				TARGETED_DEVICE_FAMILY = "1,2";
			};
			name = Debug;
		};
		84D8BEBA2CEA7382004A160B /* Release */ = {
			isa = XCBuildConfiguration;
			buildSettings = {
				ASSETCATALOG_COMPILER_APPICON_NAME = AppIcon;
				ASSETCATALOG_COMPILER_GLOBAL_ACCENT_COLOR_NAME = AccentColor;
				CODE_SIGN_STYLE = Automatic;
				CURRENT_PROJECT_VERSION = 1;
				GENERATE_INFOPLIST_FILE = YES;
				INFOPLIST_FILE = NikeProgram/Info.plist;
				INFOPLIST_KEY_UIApplicationSupportsIndirectInputEvents = YES;
				INFOPLIST_KEY_UILaunchStoryboardName = LaunchScreen;
				INFOPLIST_KEY_UIMainStoryboardFile = Main;
				INFOPLIST_KEY_UIStatusBarStyle = "";
				INFOPLIST_KEY_UISupportedInterfaceOrientations = UIInterfaceOrientationPortrait;
				LD_RUNPATH_SEARCH_PATHS = (
					"$(inherited)",
					"@executable_path/Frameworks",
				);
				MARKETING_VERSION = 1.0;
				PRODUCT_BUNDLE_IDENTIFIER = com.bndrvalesia.NikeProgram;
				PRODUCT_NAME = "$(TARGET_NAME)";
				SWIFT_EMIT_LOC_STRINGS = YES;
				SWIFT_VERSION = 5.0;
				TARGETED_DEVICE_FAMILY = "1,2";
			};
			name = Release;
		};
		84D8BEBB2CEA7382004A160B /* Debug */ = {
			isa = XCBuildConfiguration;
			buildSettings = {
				ALWAYS_SEARCH_USER_PATHS = NO;
				ASSETCATALOG_COMPILER_GENERATE_SWIFT_ASSET_SYMBOL_EXTENSIONS = YES;
				CLANG_ANALYZER_NONNULL = YES;
				CLANG_ANALYZER_NUMBER_OBJECT_CONVERSION = YES_AGGRESSIVE;
				CLANG_CXX_LANGUAGE_STANDARD = "gnu++20";
				CLANG_ENABLE_MODULES = YES;
				CLANG_ENABLE_OBJC_ARC = YES;
				CLANG_ENABLE_OBJC_WEAK = YES;
				CLANG_WARN_BLOCK_CAPTURE_AUTORELEASING = YES;
				CLANG_WARN_BOOL_CONVERSION = YES;
				CLANG_WARN_COMMA = YES;
				CLANG_WARN_CONSTANT_CONVERSION = YES;
				CLANG_WARN_DEPRECATED_OBJC_IMPLEMENTATIONS = YES;
				CLANG_WARN_DIRECT_OBJC_ISA_USAGE = YES_ERROR;
				CLANG_WARN_DOCUMENTATION_COMMENTS = YES;
				CLANG_WARN_EMPTY_BODY = YES;
				CLANG_WARN_ENUM_CONVERSION = YES;
				CLANG_WARN_INFINITE_RECURSION = YES;
				CLANG_WARN_INT_CONVERSION = YES;
				CLANG_WARN_NON_LITERAL_NULL_CONVERSION = YES;
				CLANG_WARN_OBJC_IMPLICIT_RETAIN_SELF = YES;
				CLANG_WARN_OBJC_LITERAL_CONVERSION = YES;
				CLANG_WARN_OBJC_ROOT_CLASS = YES_ERROR;
				CLANG_WARN_QUOTED_INCLUDE_IN_FRAMEWORK_HEADER = YES;
				CLANG_WARN_RANGE_LOOP_ANALYSIS = YES;
				CLANG_WARN_STRICT_PROTOTYPES = YES;
				CLANG_WARN_SUSPICIOUS_MOVE = YES;
				CLANG_WARN_UNGUARDED_AVAILABILITY = YES_AGGRESSIVE;
				CLANG_WARN_UNREACHABLE_CODE = YES;
				CLANG_WARN__DUPLICATE_METHOD_MATCH = YES;
				COPY_PHASE_STRIP = NO;
				DEBUG_INFORMATION_FORMAT = dwarf;
				ENABLE_STRICT_OBJC_MSGSEND = YES;
				ENABLE_TESTABILITY = YES;
				ENABLE_USER_SCRIPT_SANDBOXING = YES;
				GCC_C_LANGUAGE_STANDARD = gnu17;
				GCC_DYNAMIC_NO_PIC = NO;
				GCC_NO_COMMON_BLOCKS = YES;
				GCC_OPTIMIZATION_LEVEL = 0;
				GCC_PREPROCESSOR_DEFINITIONS = (
					"DEBUG=1",
					"$(inherited)",
				);
				GCC_WARN_64_TO_32_BIT_CONVERSION = YES;
				GCC_WARN_ABOUT_RETURN_TYPE = YES_ERROR;
				GCC_WARN_UNDECLARED_SELECTOR = YES;
				GCC_WARN_UNINITIALIZED_AUTOS = YES_AGGRESSIVE;
				GCC_WARN_UNUSED_FUNCTION = YES;
				GCC_WARN_UNUSED_VARIABLE = YES;
				IPHONEOS_DEPLOYMENT_TARGET = 18.1;
				LOCALIZATION_PREFERS_STRING_CATALOGS = YES;
				MTL_ENABLE_DEBUG_INFO = INCLUDE_SOURCE;
				MTL_FAST_MATH = YES;
				ONLY_ACTIVE_ARCH = YES;
				SDKROOT = iphoneos;
				SWIFT_ACTIVE_COMPILATION_CONDITIONS = "DEBUG $(inherited)";
				SWIFT_OPTIMIZATION_LEVEL = "-Onone";
			};
			name = Debug;
		};
		84D8BEBC2CEA7382004A160B /* Release */ = {
			isa = XCBuildConfiguration;
			buildSettings = {
				ALWAYS_SEARCH_USER_PATHS = NO;
				ASSETCATALOG_COMPILER_GENERATE_SWIFT_ASSET_SYMBOL_EXTENSIONS = YES;
				CLANG_ANALYZER_NONNULL = YES;
				CLANG_ANALYZER_NUMBER_OBJECT_CONVERSION = YES_AGGRESSIVE;
				CLANG_CXX_LANGUAGE_STANDARD = "gnu++20";
				CLANG_ENABLE_MODULES = YES;
				CLANG_ENABLE_OBJC_ARC = YES;
				CLANG_ENABLE_OBJC_WEAK = YES;
				CLANG_WARN_BLOCK_CAPTURE_AUTORELEASING = YES;
				CLANG_WARN_BOOL_CONVERSION = YES;
				CLANG_WARN_COMMA = YES;
				CLANG_WARN_CONSTANT_CONVERSION = YES;
				CLANG_WARN_DEPRECATED_OBJC_IMPLEMENTATIONS = YES;
				CLANG_WARN_DIRECT_OBJC_ISA_USAGE = YES_ERROR;
				CLANG_WARN_DOCUMENTATION_COMMENTS = YES;
				CLANG_WARN_EMPTY_BODY = YES;
				CLANG_WARN_ENUM_CONVERSION = YES;
				CLANG_WARN_INFINITE_RECURSION = YES;
				CLANG_WARN_INT_CONVERSION = YES;
				CLANG_WARN_NON_LITERAL_NULL_CONVERSION = YES;
				CLANG_WARN_OBJC_IMPLICIT_RETAIN_SELF = YES;
				CLANG_WARN_OBJC_LITERAL_CONVERSION = YES;
				CLANG_WARN_OBJC_ROOT_CLASS = YES_ERROR;
				CLANG_WARN_QUOTED_INCLUDE_IN_FRAMEWORK_HEADER = YES;
				CLANG_WARN_RANGE_LOOP_ANALYSIS = YES;
				CLANG_WARN_STRICT_PROTOTYPES = YES;
				CLANG_WARN_SUSPICIOUS_MOVE = YES;
				CLANG_WARN_UNGUARDED_AVAILABILITY = YES_AGGRESSIVE;
				CLANG_WARN_UNREACHABLE_CODE = YES;
				CLANG_WARN__DUPLICATE_METHOD_MATCH = YES;
				COPY_PHASE_STRIP = NO;
				DEBUG_INFORMATION_FORMAT = "dwarf-with-dsym";
				ENABLE_NS_ASSERTIONS = NO;
				ENABLE_STRICT_OBJC_MSGSEND = YES;
				ENABLE_USER_SCRIPT_SANDBOXING = YES;
				GCC_C_LANGUAGE_STANDARD = gnu17;
				GCC_NO_COMMON_BLOCKS = YES;
				GCC_WARN_64_TO_32_BIT_CONVERSION = YES;
				GCC_WARN_ABOUT_RETURN_TYPE = YES_ERROR;
				GCC_WARN_UNDECLARED_SELECTOR = YES;
				GCC_WARN_UNINITIALIZED_AUTOS = YES_AGGRESSIVE;
				GCC_WARN_UNUSED_FUNCTION = YES;
				GCC_WARN_UNUSED_VARIABLE = YES;
				IPHONEOS_DEPLOYMENT_TARGET = 18.1;
				LOCALIZATION_PREFERS_STRING_CATALOGS = YES;
				MTL_ENABLE_DEBUG_INFO = NO;
				MTL_FAST_MATH = YES;
				SDKROOT = iphoneos;
				SWIFT_COMPILATION_MODE = wholemodule;
				VALIDATE_PRODUCT = YES;
			};
			name = Release;
		};
		84D8BEBE2CEA7382004A160B /* Debug */ = {
			isa = XCBuildConfiguration;
			buildSettings = {
				BUNDLE_LOADER = "$(TEST_HOST)";
				CODE_SIGN_STYLE = Automatic;
				CURRENT_PROJECT_VERSION = 1;
				GENERATE_INFOPLIST_FILE = YES;
				IPHONEOS_DEPLOYMENT_TARGET = 18.1;
				MARKETING_VERSION = 1.0;
				PRODUCT_BUNDLE_IDENTIFIER = com.bndrvalesia.NikeProgramTests;
				PRODUCT_NAME = "$(TARGET_NAME)";
				SWIFT_EMIT_LOC_STRINGS = NO;
				SWIFT_VERSION = 5.0;
				TARGETED_DEVICE_FAMILY = "1,2";
				TEST_HOST = "$(BUILT_PRODUCTS_DIR)/NikeProgram.app/$(BUNDLE_EXECUTABLE_FOLDER_PATH)/NikeProgram";
			};
			name = Debug;
		};
		84D8BEBF2CEA7382004A160B /* Release */ = {
			isa = XCBuildConfiguration;
			buildSettings = {
				BUNDLE_LOADER = "$(TEST_HOST)";
				CODE_SIGN_STYLE = Automatic;
				CURRENT_PROJECT_VERSION = 1;
				GENERATE_INFOPLIST_FILE = YES;
				IPHONEOS_DEPLOYMENT_TARGET = 18.1;
				MARKETING_VERSION = 1.0;
				PRODUCT_BUNDLE_IDENTIFIER = com.bndrvalesia.NikeProgramTests;
				PRODUCT_NAME = "$(TARGET_NAME)";
				SWIFT_EMIT_LOC_STRINGS = NO;
				SWIFT_VERSION = 5.0;
				TARGETED_DEVICE_FAMILY = "1,2";
				TEST_HOST = "$(BUILT_PRODUCTS_DIR)/NikeProgram.app/$(BUNDLE_EXECUTABLE_FOLDER_PATH)/NikeProgram";
			};
			name = Release;
		};
		84D8BEC12CEA7382004A160B /* Debug */ = {
			isa = XCBuildConfiguration;
			buildSettings = {
				CODE_SIGN_STYLE = Automatic;
				CURRENT_PROJECT_VERSION = 1;
				GENERATE_INFOPLIST_FILE = YES;
				MARKETING_VERSION = 1.0;
				PRODUCT_BUNDLE_IDENTIFIER = com.bndrvalesia.NikeProgramUITests;
				PRODUCT_NAME = "$(TARGET_NAME)";
				SWIFT_EMIT_LOC_STRINGS = NO;
				SWIFT_VERSION = 5.0;
				TARGETED_DEVICE_FAMILY = "1,2";
				TEST_TARGET_NAME = NikeProgram;
			};
			name = Debug;
		};
		84D8BEC22CEA7382004A160B /* Release */ = {
			isa = XCBuildConfiguration;
			buildSettings = {
				CODE_SIGN_STYLE = Automatic;
				CURRENT_PROJECT_VERSION = 1;
				GENERATE_INFOPLIST_FILE = YES;
				MARKETING_VERSION = 1.0;
				PRODUCT_BUNDLE_IDENTIFIER = com.bndrvalesia.NikeProgramUITests;
				PRODUCT_NAME = "$(TARGET_NAME)";
				SWIFT_EMIT_LOC_STRINGS = NO;
				SWIFT_VERSION = 5.0;
				TARGETED_DEVICE_FAMILY = "1,2";
				TEST_TARGET_NAME = NikeProgram;
			};
			name = Release;
		};
/* End XCBuildConfiguration section */

/* Begin XCConfigurationList section */
		84D8BE8A2CEA7380004A160B /* Build configuration list for PBXProject "NikeProgram" */ = {
			isa = XCConfigurationList;
			buildConfigurations = (
				84D8BEBB2CEA7382004A160B /* Debug */,
				84D8BEBC2CEA7382004A160B /* Release */,
			);
			defaultConfigurationIsVisible = 0;
			defaultConfigurationName = Release;
		};
		84D8BEB82CEA7382004A160B /* Build configuration list for PBXNativeTarget "NikeProgram" */ = {
			isa = XCConfigurationList;
			buildConfigurations = (
				84D8BEB92CEA7382004A160B /* Debug */,
				84D8BEBA2CEA7382004A160B /* Release */,
			);
			defaultConfigurationIsVisible = 0;
			defaultConfigurationName = Release;
		};
		84D8BEBD2CEA7382004A160B /* Build configuration list for PBXNativeTarget "NikeProgramTests" */ = {
			isa = XCConfigurationList;
			buildConfigurations = (
				84D8BEBE2CEA7382004A160B /* Debug */,
				84D8BEBF2CEA7382004A160B /* Release */,
			);
			defaultConfigurationIsVisible = 0;
			defaultConfigurationName = Release;
		};
		84D8BEC02CEA7382004A160B /* Build configuration list for PBXNativeTarget "NikeProgramUITests" */ = {
			isa = XCConfigurationList;
			buildConfigurations = (
				84D8BEC12CEA7382004A160B /* Debug */,
				84D8BEC22CEA7382004A160B /* Release */,
			);
			defaultConfigurationIsVisible = 0;
			defaultConfigurationName = Release;
		};
/* End XCConfigurationList section */
	};
	rootObject = 84D8BE872CEA7380004A160B /* Project object */;
}
