// !$*UTF8*$!
{
	archiveVersion = 1;
	classes = {
	};
	objectVersion = 70;
	objects = {

/* Begin PBXBuildFile section */
		A72EB2A32CD6429A00939C01 /* AppDelegate.swift in Sources */ = {isa = PBXBuildFile; fileRef = A72EB2A22CD6429A00939C01 /* AppDelegate.swift */; };
		A72EB2A52CD6429A00939C01 /* SceneDelegate.swift in Sources */ = {isa = PBXBuildFile; fileRef = A72EB2A42CD6429A00939C01 /* SceneDelegate.swift */; };
		A72EB2AC2CD6429B00939C01 /* Assets.xcassets in Resources */ = {isa = PBXBuildFile; fileRef = A72EB2AB2CD6429B00939C01 /* Assets.xcassets */; };
		A72EB2BA2CD6429C00939C01 /* nikeTests.swift in Sources */ = {isa = PBXBuildFile; fileRef = A72EB2B92CD6429C00939C01 /* nikeTests.swift */; };
		A72EB2C42CD6429C00939C01 /* nikeUITests.swift in Sources */ = {isa = PBXBuildFile; fileRef = A72EB2C32CD6429C00939C01 /* nikeUITests.swift */; };
		A72EB2C62CD6429C00939C01 /* nikeUITestsLaunchTests.swift in Sources */ = {isa = PBXBuildFile; fileRef = A72EB2C52CD6429C00939C01 /* nikeUITestsLaunchTests.swift */; };
		A72EB2D52CD6457700939C01 /* Main.storyboard in Resources */ = {isa = PBXBuildFile; fileRef = A72EB2D42CD6457700939C01 /* Main.storyboard */; };
/* End PBXBuildFile section */

/* Begin PBXContainerItemProxy section */
		A72EB2B62CD6429B00939C01 /* PBXContainerItemProxy */ = {
			isa = PBXContainerItemProxy;
			containerPortal = A72EB2972CD6429A00939C01 /* Project object */;
			proxyType = 1;
			remoteGlobalIDString = A72EB29E2CD6429A00939C01;
			remoteInfo = nike;
		};
		A72EB2C02CD6429C00939C01 /* PBXContainerItemProxy */ = {
			isa = PBXContainerItemProxy;
			containerPortal = A72EB2972CD6429A00939C01 /* Project object */;
			proxyType = 1;
			remoteGlobalIDString = A72EB29E2CD6429A00939C01;
			remoteInfo = nike;
		};
/* End PBXContainerItemProxy section */

/* Begin PBXFileReference section */
		A72EB29F2CD6429A00939C01 /* nike.app */ = {isa = PBXFileReference; explicitFileType = wrapper.application; includeInIndex = 0; path = nike.app; sourceTree = BUILT_PRODUCTS_DIR; };
		A72EB2A22CD6429A00939C01 /* AppDelegate.swift */ = {isa = PBXFileReference; lastKnownFileType = sourcecode.swift; path = AppDelegate.swift; sourceTree = "<group>"; };
		A72EB2A42CD6429A00939C01 /* SceneDelegate.swift */ = {isa = PBXFileReference; lastKnownFileType = sourcecode.swift; path = SceneDelegate.swift; sourceTree = "<group>"; };
		A72EB2AB2CD6429B00939C01 /* Assets.xcassets */ = {isa = PBXFileReference; lastKnownFileType = folder.assetcatalog; path = Assets.xcassets; sourceTree = "<group>"; };
		A72EB2B02CD6429B00939C01 /* Info.plist */ = {isa = PBXFileReference; lastKnownFileType = text.plist.xml; path = Info.plist; sourceTree = "<group>"; };
		A72EB2B52CD6429B00939C01 /* nikeTests.xctest */ = {isa = PBXFileReference; explicitFileType = wrapper.cfbundle; includeInIndex = 0; path = nikeTests.xctest; sourceTree = BUILT_PRODUCTS_DIR; };
		A72EB2B92CD6429C00939C01 /* nikeTests.swift */ = {isa = PBXFileReference; lastKnownFileType = sourcecode.swift; path = nikeTests.swift; sourceTree = "<group>"; };
		A72EB2BF2CD6429C00939C01 /* nikeUITests.xctest */ = {isa = PBXFileReference; explicitFileType = wrapper.cfbundle; includeInIndex = 0; path = nikeUITests.xctest; sourceTree = BUILT_PRODUCTS_DIR; };
		A72EB2C32CD6429C00939C01 /* nikeUITests.swift */ = {isa = PBXFileReference; lastKnownFileType = sourcecode.swift; path = nikeUITests.swift; sourceTree = "<group>"; };
		A72EB2C52CD6429C00939C01 /* nikeUITestsLaunchTests.swift */ = {isa = PBXFileReference; lastKnownFileType = sourcecode.swift; path = nikeUITestsLaunchTests.swift; sourceTree = "<group>"; };
		A72EB2D42CD6457700939C01 /* Main.storyboard */ = {isa = PBXFileReference; lastKnownFileType = file.storyboard; path = Main.storyboard; sourceTree = "<group>"; };
/* End PBXFileReference section */

/* Begin PBXFileSystemSynchronizedRootGroup section */
		C409E37F2D3D4DD6006F69AF /* Provider */ = {isa = PBXFileSystemSynchronizedRootGroup; explicitFileTypes = {}; explicitFolders = (); path = Provider; sourceTree = "<group>"; };
		C409E3882D3D54A1006F69AF /* Entity */ = {isa = PBXFileSystemSynchronizedRootGroup; explicitFileTypes = {}; explicitFolders = (); path = Entity; sourceTree = "<group>"; };
		C4F468A82D3BE73E00F3A181 /* BestSeller */ = {isa = PBXFileSystemSynchronizedRootGroup; explicitFileTypes = {}; explicitFolders = (); path = BestSeller; sourceTree = "<group>"; };
		C4F468AC2D3BE73E00F3A181 /* Shop */ = {isa = PBXFileSystemSynchronizedRootGroup; explicitFileTypes = {}; explicitFolders = (); path = Shop; sourceTree = "<group>"; };
		C4F468BF2D3BFF0700F3A181 /* Controller */ = {isa = PBXFileSystemSynchronizedRootGroup; explicitFileTypes = {}; explicitFolders = (); path = Controller; sourceTree = "<group>"; };
		C4F468C32D3BFF3100F3A181 /* View */ = {isa = PBXFileSystemSynchronizedRootGroup; explicitFileTypes = {}; explicitFolders = (); path = View; sourceTree = "<group>"; };
/* End PBXFileSystemSynchronizedRootGroup section */

/* Begin PBXFrameworksBuildPhase section */
		A72EB29C2CD6429A00939C01 /* Frameworks */ = {
			isa = PBXFrameworksBuildPhase;
			buildActionMask = 2147483647;
			files = (
			);
			runOnlyForDeploymentPostprocessing = 0;
		};
		A72EB2B22CD6429B00939C01 /* Frameworks */ = {
			isa = PBXFrameworksBuildPhase;
			buildActionMask = 2147483647;
			files = (
			);
			runOnlyForDeploymentPostprocessing = 0;
		};
		A72EB2BC2CD6429C00939C01 /* Frameworks */ = {
			isa = PBXFrameworksBuildPhase;
			buildActionMask = 2147483647;
			files = (
			);
			runOnlyForDeploymentPostprocessing = 0;
		};
/* End PBXFrameworksBuildPhase section */

/* Begin PBXGroup section */
		A72EB2962CD6429A00939C01 = {
			isa = PBXGroup;
			children = (
				A72EB2A12CD6429A00939C01 /* nike */,
				A72EB2B82CD6429B00939C01 /* nikeTests */,
				A72EB2C22CD6429C00939C01 /* nikeUITests */,
				A72EB2A02CD6429A00939C01 /* Products */,
			);
			sourceTree = "<group>";
		};
		A72EB2A02CD6429A00939C01 /* Products */ = {
			isa = PBXGroup;
			children = (
				A72EB29F2CD6429A00939C01 /* nike.app */,
				A72EB2B52CD6429B00939C01 /* nikeTests.xctest */,
				A72EB2BF2CD6429C00939C01 /* nikeUITests.xctest */,
			);
			name = Products;
			sourceTree = "<group>";
		};
		A72EB2A12CD6429A00939C01 /* nike */ = {
			isa = PBXGroup;
			children = (
				C409E3882D3D54A1006F69AF /* Entity */,
				C409E37F2D3D4DD6006F69AF /* Provider */,
				C4F468C32D3BFF3100F3A181 /* View */,
				C4F468BF2D3BFF0700F3A181 /* Controller */,
				C4F468A82D3BE73E00F3A181 /* BestSeller */,
				C4F468AC2D3BE73E00F3A181 /* Shop */,
				A72EB2A22CD6429A00939C01 /* AppDelegate.swift */,
				A72EB2A42CD6429A00939C01 /* SceneDelegate.swift */,
				A72EB2AB2CD6429B00939C01 /* Assets.xcassets */,
				A72EB2B02CD6429B00939C01 /* Info.plist */,
				A72EB2D42CD6457700939C01 /* Main.storyboard */,
			);
			path = nike;
			sourceTree = "<group>";
		};
		A72EB2B82CD6429B00939C01 /* nikeTests */ = {
			isa = PBXGroup;
			children = (
				A72EB2B92CD6429C00939C01 /* nikeTests.swift */,
			);
			path = nikeTests;
			sourceTree = "<group>";
		};
		A72EB2C22CD6429C00939C01 /* nikeUITests */ = {
			isa = PBXGroup;
			children = (
				A72EB2C32CD6429C00939C01 /* nikeUITests.swift */,
				A72EB2C52CD6429C00939C01 /* nikeUITestsLaunchTests.swift */,
			);
			path = nikeUITests;
			sourceTree = "<group>";
		};
/* End PBXGroup section */

/* Begin PBXNativeTarget section */
		A72EB29E2CD6429A00939C01 /* nike */ = {
			isa = PBXNativeTarget;
			buildConfigurationList = A72EB2C92CD6429C00939C01 /* Build configuration list for PBXNativeTarget "nike" */;
			buildPhases = (
				A72EB29B2CD6429A00939C01 /* Sources */,
				A72EB29C2CD6429A00939C01 /* Frameworks */,
				A72EB29D2CD6429A00939C01 /* Resources */,
			);
			buildRules = (
			);
			dependencies = (
			);
			fileSystemSynchronizedGroups = (
				C409E37F2D3D4DD6006F69AF /* Provider */,
				C409E3882D3D54A1006F69AF /* Entity */,
				C4F468A82D3BE73E00F3A181 /* BestSeller */,
				C4F468AC2D3BE73E00F3A181 /* Shop */,
				C4F468BF2D3BFF0700F3A181 /* Controller */,
				C4F468C32D3BFF3100F3A181 /* View */,
			);
			name = nike;
			productName = nike;
			productReference = A72EB29F2CD6429A00939C01 /* nike.app */;
			productType = "com.apple.product-type.application";
		};
		A72EB2B42CD6429B00939C01 /* nikeTests */ = {
			isa = PBXNativeTarget;
			buildConfigurationList = A72EB2CC2CD6429C00939C01 /* Build configuration list for PBXNativeTarget "nikeTests" */;
			buildPhases = (
				A72EB2B12CD6429B00939C01 /* Sources */,
				A72EB2B22CD6429B00939C01 /* Frameworks */,
				A72EB2B32CD6429B00939C01 /* Resources */,
			);
			buildRules = (
			);
			dependencies = (
				A72EB2B72CD6429B00939C01 /* PBXTargetDependency */,
			);
			name = nikeTests;
			productName = nikeTests;
			productReference = A72EB2B52CD6429B00939C01 /* nikeTests.xctest */;
			productType = "com.apple.product-type.bundle.unit-test";
		};
		A72EB2BE2CD6429C00939C01 /* nikeUITests */ = {
			isa = PBXNativeTarget;
			buildConfigurationList = A72EB2CF2CD6429C00939C01 /* Build configuration list for PBXNativeTarget "nikeUITests" */;
			buildPhases = (
				A72EB2BB2CD6429C00939C01 /* Sources */,
				A72EB2BC2CD6429C00939C01 /* Frameworks */,
				A72EB2BD2CD6429C00939C01 /* Resources */,
			);
			buildRules = (
			);
			dependencies = (
				A72EB2C12CD6429C00939C01 /* PBXTargetDependency */,
			);
			name = nikeUITests;
			productName = nikeUITests;
			productReference = A72EB2BF2CD6429C00939C01 /* nikeUITests.xctest */;
			productType = "com.apple.product-type.bundle.ui-testing";
		};
/* End PBXNativeTarget section */

/* Begin PBXProject section */
		A72EB2972CD6429A00939C01 /* Project object */ = {
			isa = PBXProject;
			attributes = {
				BuildIndependentTargetsInParallel = 1;
				LastSwiftUpdateCheck = 1420;
				LastUpgradeCheck = 1420;
				TargetAttributes = {
					A72EB29E2CD6429A00939C01 = {
						CreatedOnToolsVersion = 14.2;
					};
					A72EB2B42CD6429B00939C01 = {
						CreatedOnToolsVersion = 14.2;
						TestTargetID = A72EB29E2CD6429A00939C01;
					};
					A72EB2BE2CD6429C00939C01 = {
						CreatedOnToolsVersion = 14.2;
						TestTargetID = A72EB29E2CD6429A00939C01;
					};
				};
			};
			buildConfigurationList = A72EB29A2CD6429A00939C01 /* Build configuration list for PBXProject "nike" */;
			compatibilityVersion = "Xcode 14.0";
			developmentRegion = en;
			hasScannedForEncodings = 0;
			knownRegions = (
				en,
				Base,
			);
			mainGroup = A72EB2962CD6429A00939C01;
			productRefGroup = A72EB2A02CD6429A00939C01 /* Products */;
			projectDirPath = "";
			projectRoot = "";
			targets = (
				A72EB29E2CD6429A00939C01 /* nike */,
				A72EB2B42CD6429B00939C01 /* nikeTests */,
				A72EB2BE2CD6429C00939C01 /* nikeUITests */,
			);
		};
/* End PBXProject section */

/* Begin PBXResourcesBuildPhase section */
		A72EB29D2CD6429A00939C01 /* Resources */ = {
			isa = PBXResourcesBuildPhase;
			buildActionMask = 2147483647;
			files = (
				A72EB2AC2CD6429B00939C01 /* Assets.xcassets in Resources */,
				A72EB2D52CD6457700939C01 /* Main.storyboard in Resources */,
			);
			runOnlyForDeploymentPostprocessing = 0;
		};
		A72EB2B32CD6429B00939C01 /* Resources */ = {
			isa = PBXResourcesBuildPhase;
			buildActionMask = 2147483647;
			files = (
			);
			runOnlyForDeploymentPostprocessing = 0;
		};
		A72EB2BD2CD6429C00939C01 /* Resources */ = {
			isa = PBXResourcesBuildPhase;
			buildActionMask = 2147483647;
			files = (
			);
			runOnlyForDeploymentPostprocessing = 0;
		};
/* End PBXResourcesBuildPhase section */

/* Begin PBXSourcesBuildPhase section */
		A72EB29B2CD6429A00939C01 /* Sources */ = {
			isa = PBXSourcesBuildPhase;
			buildActionMask = 2147483647;
			files = (
				A72EB2A32CD6429A00939C01 /* AppDelegate.swift in Sources */,
				A72EB2A52CD6429A00939C01 /* SceneDelegate.swift in Sources */,
			);
			runOnlyForDeploymentPostprocessing = 0;
		};
		A72EB2B12CD6429B00939C01 /* Sources */ = {
			isa = PBXSourcesBuildPhase;
			buildActionMask = 2147483647;
			files = (
				A72EB2BA2CD6429C00939C01 /* nikeTests.swift in Sources */,
			);
			runOnlyForDeploymentPostprocessing = 0;
		};
		A72EB2BB2CD6429C00939C01 /* Sources */ = {
			isa = PBXSourcesBuildPhase;
			buildActionMask = 2147483647;
			files = (
				A72EB2C42CD6429C00939C01 /* nikeUITests.swift in Sources */,
				A72EB2C62CD6429C00939C01 /* nikeUITestsLaunchTests.swift in Sources */,
			);
			runOnlyForDeploymentPostprocessing = 0;
		};
/* End PBXSourcesBuildPhase section */

/* Begin PBXTargetDependency section */
		A72EB2B72CD6429B00939C01 /* PBXTargetDependency */ = {
			isa = PBXTargetDependency;
			target = A72EB29E2CD6429A00939C01 /* nike */;
			targetProxy = A72EB2B62CD6429B00939C01 /* PBXContainerItemProxy */;
		};
		A72EB2C12CD6429C00939C01 /* PBXTargetDependency */ = {
			isa = PBXTargetDependency;
			target = A72EB29E2CD6429A00939C01 /* nike */;
			targetProxy = A72EB2C02CD6429C00939C01 /* PBXContainerItemProxy */;
		};
/* End PBXTargetDependency section */

/* Begin XCBuildConfiguration section */
		A72EB2C72CD6429C00939C01 /* Debug */ = {
			isa = XCBuildConfiguration;
			buildSettings = {
				ALWAYS_SEARCH_USER_PATHS = NO;
				CLANG_ANALYZER_NONNULL = YES;
				CLANG_ANALYZER_NUMBER_OBJECT_CONVERSION = YES_AGGRESSIVE;
				CLANG_CXX_LANGUAGE_STANDARD = "gnu++20";
				CLANG_ENABLE_MODULES = YES;
				CLANG_ENABLE_OBJC_ARC = YES;
				CLANG_ENABLE_OBJC_WEAK = YES;
				CLANG_WARN_BLOCK_CAPTURE_AUTORELEASING = YES;
				CLANG_WARN_BOOL_CONVERSION = YES;
				CLANG_WARN_COMMA = YES;
				CLANG_WARN_CONSTANT_CONVERSION = YES;
				CLANG_WARN_DEPRECATED_OBJC_IMPLEMENTATIONS = YES;
				CLANG_WARN_DIRECT_OBJC_ISA_USAGE = YES_ERROR;
				CLANG_WARN_DOCUMENTATION_COMMENTS = YES;
				CLANG_WARN_EMPTY_BODY = YES;
				CLANG_WARN_ENUM_CONVERSION = YES;
				CLANG_WARN_INFINITE_RECURSION = YES;
				CLANG_WARN_INT_CONVERSION = YES;
				CLANG_WARN_NON_LITERAL_NULL_CONVERSION = YES;
				CLANG_WARN_OBJC_IMPLICIT_RETAIN_SELF = YES;
				CLANG_WARN_OBJC_LITERAL_CONVERSION = YES;
				CLANG_WARN_OBJC_ROOT_CLASS = YES_ERROR;
				CLANG_WARN_QUOTED_INCLUDE_IN_FRAMEWORK_HEADER = YES;
				CLANG_WARN_RANGE_LOOP_ANALYSIS = YES;
				CLANG_WARN_STRICT_PROTOTYPES = YES;
				CLANG_WARN_SUSPICIOUS_MOVE = YES;
				CLANG_WARN_UNGUARDED_AVAILABILITY = YES_AGGRESSIVE;
				CLANG_WARN_UNREACHABLE_CODE = YES;
				CLANG_WARN__DUPLICATE_METHOD_MATCH = YES;
				COPY_PHASE_STRIP = NO;
				DEBUG_INFORMATION_FORMAT = dwarf;
				ENABLE_STRICT_OBJC_MSGSEND = YES;
				ENABLE_TESTABILITY = YES;
				GCC_C_LANGUAGE_STANDARD = gnu11;
				GCC_DYNAMIC_NO_PIC = NO;
				GCC_NO_COMMON_BLOCKS = YES;
				GCC_OPTIMIZATION_LEVEL = 0;
				GCC_PREPROCESSOR_DEFINITIONS = (
					"DEBUG=1",
					"$(inherited)",
				);
				GCC_WARN_64_TO_32_BIT_CONVERSION = YES;
				GCC_WARN_ABOUT_RETURN_TYPE = YES_ERROR;
				GCC_WARN_UNDECLARED_SELECTOR = YES;
				GCC_WARN_UNINITIALIZED_AUTOS = YES_AGGRESSIVE;
				GCC_WARN_UNUSED_FUNCTION = YES;
				GCC_WARN_UNUSED_VARIABLE = YES;
				IPHONEOS_DEPLOYMENT_TARGET = 16.2;
				MTL_ENABLE_DEBUG_INFO = INCLUDE_SOURCE;
				MTL_FAST_MATH = YES;
				ONLY_ACTIVE_ARCH = YES;
				SDKROOT = iphoneos;
				SWIFT_ACTIVE_COMPILATION_CONDITIONS = DEBUG;
				SWIFT_OPTIMIZATION_LEVEL = "-Onone";
			};
			name = Debug;
		};
		A72EB2C82CD6429C00939C01 /* Release */ = {
			isa = XCBuildConfiguration;
			buildSettings = {
				ALWAYS_SEARCH_USER_PATHS = NO;
				CLANG_ANALYZER_NONNULL = YES;
				CLANG_ANALYZER_NUMBER_OBJECT_CONVERSION = YES_AGGRESSIVE;
				CLANG_CXX_LANGUAGE_STANDARD = "gnu++20";
				CLANG_ENABLE_MODULES = YES;
				CLANG_ENABLE_OBJC_ARC = YES;
				CLANG_ENABLE_OBJC_WEAK = YES;
				CLANG_WARN_BLOCK_CAPTURE_AUTORELEASING = YES;
				CLANG_WARN_BOOL_CONVERSION = YES;
				CLANG_WARN_COMMA = YES;
				CLANG_WARN_CONSTANT_CONVERSION = YES;
				CLANG_WARN_DEPRECATED_OBJC_IMPLEMENTATIONS = YES;
				CLANG_WARN_DIRECT_OBJC_ISA_USAGE = YES_ERROR;
				CLANG_WARN_DOCUMENTATION_COMMENTS = YES;
				CLANG_WARN_EMPTY_BODY = YES;
				CLANG_WARN_ENUM_CONVERSION = YES;
				CLANG_WARN_INFINITE_RECURSION = YES;
				CLANG_WARN_INT_CONVERSION = YES;
				CLANG_WARN_NON_LITERAL_NULL_CONVERSION = YES;
				CLANG_WARN_OBJC_IMPLICIT_RETAIN_SELF = YES;
				CLANG_WARN_OBJC_LITERAL_CONVERSION = YES;
				CLANG_WARN_OBJC_ROOT_CLASS = YES_ERROR;
				CLANG_WARN_QUOTED_INCLUDE_IN_FRAMEWORK_HEADER = YES;
				CLANG_WARN_RANGE_LOOP_ANALYSIS = YES;
				CLANG_WARN_STRICT_PROTOTYPES = YES;
				CLANG_WARN_SUSPICIOUS_MOVE = YES;
				CLANG_WARN_UNGUARDED_AVAILABILITY = YES_AGGRESSIVE;
				CLANG_WARN_UNREACHABLE_CODE = YES;
				CLANG_WARN__DUPLICATE_METHOD_MATCH = YES;
				COPY_PHASE_STRIP = NO;
				DEBUG_INFORMATION_FORMAT = "dwarf-with-dsym";
				ENABLE_NS_ASSERTIONS = NO;
				ENABLE_STRICT_OBJC_MSGSEND = YES;
				GCC_C_LANGUAGE_STANDARD = gnu11;
				GCC_NO_COMMON_BLOCKS = YES;
				GCC_WARN_64_TO_32_BIT_CONVERSION = YES;
				GCC_WARN_ABOUT_RETURN_TYPE = YES_ERROR;
				GCC_WARN_UNDECLARED_SELECTOR = YES;
				GCC_WARN_UNINITIALIZED_AUTOS = YES_AGGRESSIVE;
				GCC_WARN_UNUSED_FUNCTION = YES;
				GCC_WARN_UNUSED_VARIABLE = YES;
				IPHONEOS_DEPLOYMENT_TARGET = 16.2;
				MTL_ENABLE_DEBUG_INFO = NO;
				MTL_FAST_MATH = YES;
				SDKROOT = iphoneos;
				SWIFT_COMPILATION_MODE = wholemodule;
				SWIFT_OPTIMIZATION_LEVEL = "-O";
				VALIDATE_PRODUCT = YES;
			};
			name = Release;
		};
		A72EB2CA2CD6429C00939C01 /* Debug */ = {
			isa = XCBuildConfiguration;
			buildSettings = {
				ASSETCATALOG_COMPILER_APPICON_NAME = AppIcon;
				ASSETCATALOG_COMPILER_GLOBAL_ACCENT_COLOR_NAME = AccentColor;
				CODE_SIGN_STYLE = Automatic;
				CURRENT_PROJECT_VERSION = 1;
				GENERATE_INFOPLIST_FILE = YES;
				INFOPLIST_FILE = nike/Info.plist;
				INFOPLIST_KEY_UIApplicationSupportsIndirectInputEvents = YES;
				INFOPLIST_KEY_UILaunchStoryboardName = LaunchScreen;
				INFOPLIST_KEY_UIMainStoryboardFile = Main;
				INFOPLIST_KEY_UISupportedInterfaceOrientations_iPad = "UIInterfaceOrientationPortrait UIInterfaceOrientationPortraitUpsideDown UIInterfaceOrientationLandscapeLeft UIInterfaceOrientationLandscapeRight";
				INFOPLIST_KEY_UISupportedInterfaceOrientations_iPhone = "UIInterfaceOrientationPortrait UIInterfaceOrientationLandscapeLeft UIInterfaceOrientationLandscapeRight";
				LD_RUNPATH_SEARCH_PATHS = (
					"$(inherited)",
					"@executable_path/Frameworks",
				);
				MARKETING_VERSION = 1.0;
				PRODUCT_BUNDLE_IDENTIFIER = agsap.nike;
				PRODUCT_NAME = "$(TARGET_NAME)";
				SWIFT_EMIT_LOC_STRINGS = YES;
				SWIFT_VERSION = 5.0;
				TARGETED_DEVICE_FAMILY = "1,2";
			};
			name = Debug;
		};
		A72EB2CB2CD6429C00939C01 /* Release */ = {
			isa = XCBuildConfiguration;
			buildSettings = {
				ASSETCATALOG_COMPILER_APPICON_NAME = AppIcon;
				ASSETCATALOG_COMPILER_GLOBAL_ACCENT_COLOR_NAME = AccentColor;
				CODE_SIGN_STYLE = Automatic;
				CURRENT_PROJECT_VERSION = 1;
				GENERATE_INFOPLIST_FILE = YES;
				INFOPLIST_FILE = nike/Info.plist;
				INFOPLIST_KEY_UIApplicationSupportsIndirectInputEvents = YES;
				INFOPLIST_KEY_UILaunchStoryboardName = LaunchScreen;
				INFOPLIST_KEY_UIMainStoryboardFile = Main;
				INFOPLIST_KEY_UISupportedInterfaceOrientations_iPad = "UIInterfaceOrientationPortrait UIInterfaceOrientationPortraitUpsideDown UIInterfaceOrientationLandscapeLeft UIInterfaceOrientationLandscapeRight";
				INFOPLIST_KEY_UISupportedInterfaceOrientations_iPhone = "UIInterfaceOrientationPortrait UIInterfaceOrientationLandscapeLeft UIInterfaceOrientationLandscapeRight";
				LD_RUNPATH_SEARCH_PATHS = (
					"$(inherited)",
					"@executable_path/Frameworks",
				);
				MARKETING_VERSION = 1.0;
				PRODUCT_BUNDLE_IDENTIFIER = agsap.nike;
				PRODUCT_NAME = "$(TARGET_NAME)";
				SWIFT_EMIT_LOC_STRINGS = YES;
				SWIFT_VERSION = 5.0;
				TARGETED_DEVICE_FAMILY = "1,2";
			};
			name = Release;
		};
		A72EB2CD2CD6429C00939C01 /* Debug */ = {
			isa = XCBuildConfiguration;
			buildSettings = {
				ALWAYS_EMBED_SWIFT_STANDARD_LIBRARIES = YES;
				BUNDLE_LOADER = "$(TEST_HOST)";
				CODE_SIGN_STYLE = Automatic;
				CURRENT_PROJECT_VERSION = 1;
				GENERATE_INFOPLIST_FILE = YES;
				IPHONEOS_DEPLOYMENT_TARGET = 16.2;
				MARKETING_VERSION = 1.0;
				PRODUCT_BUNDLE_IDENTIFIER = agsap.nikeTests;
				PRODUCT_NAME = "$(TARGET_NAME)";
				SWIFT_EMIT_LOC_STRINGS = NO;
				SWIFT_VERSION = 5.0;
				TARGETED_DEVICE_FAMILY = "1,2";
				TEST_HOST = "$(BUILT_PRODUCTS_DIR)/nike.app/$(BUNDLE_EXECUTABLE_FOLDER_PATH)/nike";
			};
			name = Debug;
		};
		A72EB2CE2CD6429C00939C01 /* Release */ = {
			isa = XCBuildConfiguration;
			buildSettings = {
				ALWAYS_EMBED_SWIFT_STANDARD_LIBRARIES = YES;
				BUNDLE_LOADER = "$(TEST_HOST)";
				CODE_SIGN_STYLE = Automatic;
				CURRENT_PROJECT_VERSION = 1;
				GENERATE_INFOPLIST_FILE = YES;
				IPHONEOS_DEPLOYMENT_TARGET = 16.2;
				MARKETING_VERSION = 1.0;
				PRODUCT_BUNDLE_IDENTIFIER = agsap.nikeTests;
				PRODUCT_NAME = "$(TARGET_NAME)";
				SWIFT_EMIT_LOC_STRINGS = NO;
				SWIFT_VERSION = 5.0;
				TARGETED_DEVICE_FAMILY = "1,2";
				TEST_HOST = "$(BUILT_PRODUCTS_DIR)/nike.app/$(BUNDLE_EXECUTABLE_FOLDER_PATH)/nike";
			};
			name = Release;
		};
		A72EB2D02CD6429C00939C01 /* Debug */ = {
			isa = XCBuildConfiguration;
			buildSettings = {
				ALWAYS_EMBED_SWIFT_STANDARD_LIBRARIES = YES;
				CODE_SIGN_STYLE = Automatic;
				CURRENT_PROJECT_VERSION = 1;
				GENERATE_INFOPLIST_FILE = YES;
				MARKETING_VERSION = 1.0;
				PRODUCT_BUNDLE_IDENTIFIER = agsap.nikeUITests;
				PRODUCT_NAME = "$(TARGET_NAME)";
				SWIFT_EMIT_LOC_STRINGS = NO;
				SWIFT_VERSION = 5.0;
				TARGETED_DEVICE_FAMILY = "1,2";
				TEST_TARGET_NAME = nike;
			};
			name = Debug;
		};
		A72EB2D12CD6429C00939C01 /* Release */ = {
			isa = XCBuildConfiguration;
			buildSettings = {
				ALWAYS_EMBED_SWIFT_STANDARD_LIBRARIES = YES;
				CODE_SIGN_STYLE = Automatic;
				CURRENT_PROJECT_VERSION = 1;
				GENERATE_INFOPLIST_FILE = YES;
				MARKETING_VERSION = 1.0;
				PRODUCT_BUNDLE_IDENTIFIER = agsap.nikeUITests;
				PRODUCT_NAME = "$(TARGET_NAME)";
				SWIFT_EMIT_LOC_STRINGS = NO;
				SWIFT_VERSION = 5.0;
				TARGETED_DEVICE_FAMILY = "1,2";
				TEST_TARGET_NAME = nike;
			};
			name = Release;
		};
/* End XCBuildConfiguration section */

/* Begin XCConfigurationList section */
		A72EB29A2CD6429A00939C01 /* Build configuration list for PBXProject "nike" */ = {
			isa = XCConfigurationList;
			buildConfigurations = (
				A72EB2C72CD6429C00939C01 /* Debug */,
				A72EB2C82CD6429C00939C01 /* Release */,
			);
			defaultConfigurationIsVisible = 0;
			defaultConfigurationName = Release;
		};
		A72EB2C92CD6429C00939C01 /* Build configuration list for PBXNativeTarget "nike" */ = {
			isa = XCConfigurationList;
			buildConfigurations = (
				A72EB2CA2CD6429C00939C01 /* Debug */,
				A72EB2CB2CD6429C00939C01 /* Release */,
			);
			defaultConfigurationIsVisible = 0;
			defaultConfigurationName = Release;
		};
		A72EB2CC2CD6429C00939C01 /* Build configuration list for PBXNativeTarget "nikeTests" */ = {
			isa = XCConfigurationList;
			buildConfigurations = (
				A72EB2CD2CD6429C00939C01 /* Debug */,
				A72EB2CE2CD6429C00939C01 /* Release */,
			);
			defaultConfigurationIsVisible = 0;
			defaultConfigurationName = Release;
		};
		A72EB2CF2CD6429C00939C01 /* Build configuration list for PBXNativeTarget "nikeUITests" */ = {
			isa = XCConfigurationList;
			buildConfigurations = (
				A72EB2D02CD6429C00939C01 /* Debug */,
				A72EB2D12CD6429C00939C01 /* Release */,
			);
			defaultConfigurationIsVisible = 0;
			defaultConfigurationName = Release;
		};
/* End XCConfigurationList section */
	};
	rootObject = A72EB2972CD6429A00939C01 /* Project object */;
}
